
Microsoft Visual Studio Solution File, Format Version 12.00
# Visual Studio Version 16
VisualStudioVersion = 16.0.31321.278
MinimumVisualStudioVersion = 10.0.40219.1
Project("{FAE04EC0-301F-11D3-BF4B-00C04F79EFBC}") = "HashTable", "HashTable\HashTable.csproj", "{4F28C841-1D27-438B-84BE-1B98AC8B7B5E}"
EndProject
Global
	GlobalSection(SolutionConfigurationPlatforms) = preSolution
		Debug|Any CPU = Debug|Any CPU
		Release|Any CPU = Release|Any CPU
	EndGlobalSection
	GlobalSection(ProjectConfigurationPlatforms) = postSolution
		{4F28C841-1D27-438B-84BE-1B98AC8B7B5E}.Debug|Any CPU.ActiveCfg = Debug|Any CPU
		{4F28C841-1D27-438B-84BE-1B98AC8B7B5E}.Debug|Any CPU.Build.0 = Debug|Any CPU
		{4F28C841-1D27-438B-84BE-1B98AC8B7B5E}.Release|Any CPU.ActiveCfg = Release|Any CPU
		{4F28C841-1D27-438B-84BE-1B98AC8B7B5E}.Release|Any CPU.Build.0 = Release|Any CPU
	EndGlobalSection
	GlobalSection(SolutionProperties) = preSolution
		HideSolutionNode = FALSE
	EndGlobalSection
	GlobalSection(ExtensibilityGlobals) = postSolution
		SolutionGuid = {2DA9108C-E5FD-4574-951E-E7E48B02A18C}
	EndGlobalSection
EndGlobal
